
Microsoft Visual Studio Solution File, Format Version 12.00
# Visual Studio 14
VisualStudioVersion = 14.0.25420.1
MinimumVisualStudioVersion = 10.0.40219.1
Project("{FAE04EC0-301F-11D3-BF4B-00C04F79EFBC}") = "Cryptography", "Cryptography\Cryptography.csproj", "{9780FAEE-45C3-4E8A-B53F-1CAA3E5906D6}"
EndProject
Project("{FAE04EC0-301F-11D3-BF4B-00C04F79EFBC}") = "Test", "Test\Test.csproj", "{3C3A4564-77F8-4FA8-8185-CC0CF88BC258}"
EndProject
Project("{FAE04EC0-301F-11D3-BF4B-00C04F79EFBC}") = "Demo", "Demo\Demo.csproj", "{BA5F42EC-B5EF-49A5-9C66-6EB395D74D06}"
EndProject
Project("{FAE04EC0-301F-11D3-BF4B-00C04F79EFBC}") = "Originality", "Originality\Originality.csproj", "{52D59344-705D-42C7-A625-807BAF3B9F70}"
EndProject
Global
	GlobalSection(SolutionConfigurationPlatforms) = preSolution
		Debug|Any CPU = Debug|Any CPU
		Release|Any CPU = Release|Any CPU
	EndGlobalSection
	GlobalSection(ProjectConfigurationPlatforms) = postSolution
		{9780FAEE-45C3-4E8A-B53F-1CAA3E5906D6}.Debug|Any CPU.ActiveCfg = Debug|Any CPU
		{9780FAEE-45C3-4E8A-B53F-1CAA3E5906D6}.Debug|Any CPU.Build.0 = Debug|Any CPU
		{9780FAEE-45C3-4E8A-B53F-1CAA3E5906D6}.Release|Any CPU.ActiveCfg = Release|Any CPU
		{9780FAEE-45C3-4E8A-B53F-1CAA3E5906D6}.Release|Any CPU.Build.0 = Release|Any CPU
		{3C3A4564-77F8-4FA8-8185-CC0CF88BC258}.Debug|Any CPU.ActiveCfg = Debug|Any CPU
		{3C3A4564-77F8-4FA8-8185-CC0CF88BC258}.Debug|Any CPU.Build.0 = Debug|Any CPU
		{3C3A4564-77F8-4FA8-8185-CC0CF88BC258}.Release|Any CPU.ActiveCfg = Release|Any CPU
		{3C3A4564-77F8-4FA8-8185-CC0CF88BC258}.Release|Any CPU.Build.0 = Release|Any CPU
		{BA5F42EC-B5EF-49A5-9C66-6EB395D74D06}.Debug|Any CPU.ActiveCfg = Debug|Any CPU
		{BA5F42EC-B5EF-49A5-9C66-6EB395D74D06}.Debug|Any CPU.Build.0 = Debug|Any CPU
		{BA5F42EC-B5EF-49A5-9C66-6EB395D74D06}.Release|Any CPU.ActiveCfg = Release|Any CPU
		{BA5F42EC-B5EF-49A5-9C66-6EB395D74D06}.Release|Any CPU.Build.0 = Release|Any CPU
		{52D59344-705D-42C7-A625-807BAF3B9F70}.Debug|Any CPU.ActiveCfg = Debug|Any CPU
		{52D59344-705D-42C7-A625-807BAF3B9F70}.Debug|Any CPU.Build.0 = Debug|Any CPU
		{52D59344-705D-42C7-A625-807BAF3B9F70}.Release|Any CPU.ActiveCfg = Release|Any CPU
		{52D59344-705D-42C7-A625-807BAF3B9F70}.Release|Any CPU.Build.0 = Release|Any CPU
	EndGlobalSection
	GlobalSection(SolutionProperties) = preSolution
		HideSolutionNode = FALSE
	EndGlobalSection
EndGlobal
