
Microsoft Visual Studio Solution File, Format Version 12.00
# Visual Studio 14
VisualStudioVersion = 14.0.25420.1
MinimumVisualStudioVersion = 10.0.40219.1
Project("{FAE04EC0-301F-11D3-BF4B-00C04F79EFBC}") = "UserInterface", "PassGen\UserInterface.csproj", "{FB7BA8AA-9674-423D-A14A-2FFA388D6DED}"
EndProject
Project("{FAE04EC0-301F-11D3-BF4B-00C04F79EFBC}") = "PasswordGenerator", "PasswordGenerator\PasswordGenerator.csproj", "{6E81EE33-D173-41B5-9589-975343DC1EF9}"
EndProject
Project("{FAE04EC0-301F-11D3-BF4B-00C04F79EFBC}") = "UIPass", "UIPass\UIPass.csproj", "{FD4CB6BE-DAD1-4B05-AFDB-C48F25FD95DD}"
EndProject
Global
	GlobalSection(SolutionConfigurationPlatforms) = preSolution
		Debug|Any CPU = Debug|Any CPU
		Release|Any CPU = Release|Any CPU
	EndGlobalSection
	GlobalSection(ProjectConfigurationPlatforms) = postSolution
		{FB7BA8AA-9674-423D-A14A-2FFA388D6DED}.Debug|Any CPU.ActiveCfg = Debug|Any CPU
		{FB7BA8AA-9674-423D-A14A-2FFA388D6DED}.Debug|Any CPU.Build.0 = Debug|Any CPU
		{FB7BA8AA-9674-423D-A14A-2FFA388D6DED}.Release|Any CPU.ActiveCfg = Release|Any CPU
		{FB7BA8AA-9674-423D-A14A-2FFA388D6DED}.Release|Any CPU.Build.0 = Release|Any CPU
		{6E81EE33-D173-41B5-9589-975343DC1EF9}.Debug|Any CPU.ActiveCfg = Debug|Any CPU
		{6E81EE33-D173-41B5-9589-975343DC1EF9}.Debug|Any CPU.Build.0 = Debug|Any CPU
		{6E81EE33-D173-41B5-9589-975343DC1EF9}.Release|Any CPU.ActiveCfg = Release|Any CPU
		{6E81EE33-D173-41B5-9589-975343DC1EF9}.Release|Any CPU.Build.0 = Release|Any CPU
		{FD4CB6BE-DAD1-4B05-AFDB-C48F25FD95DD}.Debug|Any CPU.ActiveCfg = Debug|Any CPU
		{FD4CB6BE-DAD1-4B05-AFDB-C48F25FD95DD}.Debug|Any CPU.Build.0 = Debug|Any CPU
		{FD4CB6BE-DAD1-4B05-AFDB-C48F25FD95DD}.Release|Any CPU.ActiveCfg = Release|Any CPU
		{FD4CB6BE-DAD1-4B05-AFDB-C48F25FD95DD}.Release|Any CPU.Build.0 = Release|Any CPU
	EndGlobalSection
	GlobalSection(SolutionProperties) = preSolution
		HideSolutionNode = FALSE
	EndGlobalSection
EndGlobal
